
Microsoft Visual Studio Solution File, Format Version 12.00
# Visual Studio Version 16
VisualStudioVersion = 16.0.31105.61
MinimumVisualStudioVersion = 10.0.40219.1
Project("{FAE04EC0-301F-11D3-BF4B-00C04F79EFBC}") = "MediaManagerAndVLC.Android", "MediaManagerAndVLC\MediaManagerAndVLC.Android\MediaManagerAndVLC.Android.csproj", "{5C8147F7-77B8-418C-AA11-E7371416C588}"
EndProject
Project("{FAE04EC0-301F-11D3-BF4B-00C04F79EFBC}") = "MediaManagerAndVLC.iOS", "MediaManagerAndVLC\MediaManagerAndVLC.iOS\MediaManagerAndVLC.iOS.csproj", "{0CB28172-DC58-4A23-9CBB-4EAA4D653AAE}"
EndProject
Project("{FAE04EC0-301F-11D3-BF4B-00C04F79EFBC}") = "MediaManagerAndVLC", "MediaManagerAndVLC\MediaManagerAndVLC\MediaManagerAndVLC.csproj", "{C31AA7E5-669B-4DC7-9C04-C0DE20B1417D}"
EndProject
Project("{2150E333-8FDC-42A3-9474-1A3956D46DE8}") = "Solution Items", "Solution Items", "{795FB41E-1286-42D0-93BC-734302A3DA45}"
	ProjectSection(SolutionItems) = preProject
		Readme.md = Readme.md
	EndProjectSection
EndProject
Global
	GlobalSection(SolutionConfigurationPlatforms) = preSolution
		Debug|Any CPU = Debug|Any CPU
		Debug|iPhone = Debug|iPhone
		Debug|iPhoneSimulator = Debug|iPhoneSimulator
		Release|Any CPU = Release|Any CPU
		Release|iPhone = Release|iPhone
		Release|iPhoneSimulator = Release|iPhoneSimulator
	EndGlobalSection
	GlobalSection(ProjectConfigurationPlatforms) = postSolution
		{5C8147F7-77B8-418C-AA11-E7371416C588}.Debug|Any CPU.ActiveCfg = Debug|Any CPU
		{5C8147F7-77B8-418C-AA11-E7371416C588}.Debug|Any CPU.Build.0 = Debug|Any CPU
		{5C8147F7-77B8-418C-AA11-E7371416C588}.Debug|Any CPU.Deploy.0 = Debug|Any CPU
		{5C8147F7-77B8-418C-AA11-E7371416C588}.Debug|iPhone.ActiveCfg = Debug|Any CPU
		{5C8147F7-77B8-418C-AA11-E7371416C588}.Debug|iPhone.Build.0 = Debug|Any CPU
		{5C8147F7-77B8-418C-AA11-E7371416C588}.Debug|iPhone.Deploy.0 = Debug|Any CPU
		{5C8147F7-77B8-418C-AA11-E7371416C588}.Debug|iPhoneSimulator.ActiveCfg = Debug|Any CPU
		{5C8147F7-77B8-418C-AA11-E7371416C588}.Debug|iPhoneSimulator.Build.0 = Debug|Any CPU
		{5C8147F7-77B8-418C-AA11-E7371416C588}.Debug|iPhoneSimulator.Deploy.0 = Debug|Any CPU
		{5C8147F7-77B8-418C-AA11-E7371416C588}.Release|Any CPU.ActiveCfg = Release|Any CPU
		{5C8147F7-77B8-418C-AA11-E7371416C588}.Release|Any CPU.Build.0 = Release|Any CPU
		{5C8147F7-77B8-418C-AA11-E7371416C588}.Release|Any CPU.Deploy.0 = Release|Any CPU
		{5C8147F7-77B8-418C-AA11-E7371416C588}.Release|iPhone.ActiveCfg = Release|Any CPU
		{5C8147F7-77B8-418C-AA11-E7371416C588}.Release|iPhone.Build.0 = Release|Any CPU
		{5C8147F7-77B8-418C-AA11-E7371416C588}.Release|iPhone.Deploy.0 = Release|Any CPU
		{5C8147F7-77B8-418C-AA11-E7371416C588}.Release|iPhoneSimulator.ActiveCfg = Release|Any CPU
		{5C8147F7-77B8-418C-AA11-E7371416C588}.Release|iPhoneSimulator.Build.0 = Release|Any CPU
		{5C8147F7-77B8-418C-AA11-E7371416C588}.Release|iPhoneSimulator.Deploy.0 = Release|Any CPU
		{0CB28172-DC58-4A23-9CBB-4EAA4D653AAE}.Debug|Any CPU.ActiveCfg = Debug|iPhone
		{0CB28172-DC58-4A23-9CBB-4EAA4D653AAE}.Debug|Any CPU.Build.0 = Debug|iPhone
		{0CB28172-DC58-4A23-9CBB-4EAA4D653AAE}.Debug|Any CPU.Deploy.0 = Debug|iPhone
		{0CB28172-DC58-4A23-9CBB-4EAA4D653AAE}.Debug|iPhone.ActiveCfg = Debug|iPhone
		{0CB28172-DC58-4A23-9CBB-4EAA4D653AAE}.Debug|iPhone.Build.0 = Debug|iPhone
		{0CB28172-DC58-4A23-9CBB-4EAA4D653AAE}.Debug|iPhone.Deploy.0 = Debug|iPhone
		{0CB28172-DC58-4A23-9CBB-4EAA4D653AAE}.Debug|iPhoneSimulator.ActiveCfg = Debug|iPhoneSimulator
		{0CB28172-DC58-4A23-9CBB-4EAA4D653AAE}.Debug|iPhoneSimulator.Build.0 = Debug|iPhoneSimulator
		{0CB28172-DC58-4A23-9CBB-4EAA4D653AAE}.Debug|iPhoneSimulator.Deploy.0 = Debug|iPhoneSimulator
		{0CB28172-DC58-4A23-9CBB-4EAA4D653AAE}.Release|Any CPU.ActiveCfg = Release|iPhoneSimulator
		{0CB28172-DC58-4A23-9CBB-4EAA4D653AAE}.Release|Any CPU.Build.0 = Release|iPhoneSimulator
		{0CB28172-DC58-4A23-9CBB-4EAA4D653AAE}.Release|Any CPU.Deploy.0 = Release|iPhoneSimulator
		{0CB28172-DC58-4A23-9CBB-4EAA4D653AAE}.Release|iPhone.ActiveCfg = Release|iPhone
		{0CB28172-DC58-4A23-9CBB-4EAA4D653AAE}.Release|iPhone.Build.0 = Release|iPhone
		{0CB28172-DC58-4A23-9CBB-4EAA4D653AAE}.Release|iPhone.Deploy.0 = Release|iPhone
		{0CB28172-DC58-4A23-9CBB-4EAA4D653AAE}.Release|iPhoneSimulator.ActiveCfg = Release|iPhoneSimulator
		{0CB28172-DC58-4A23-9CBB-4EAA4D653AAE}.Release|iPhoneSimulator.Build.0 = Release|iPhoneSimulator
		{0CB28172-DC58-4A23-9CBB-4EAA4D653AAE}.Release|iPhoneSimulator.Deploy.0 = Release|iPhoneSimulator
		{C31AA7E5-669B-4DC7-9C04-C0DE20B1417D}.Debug|Any CPU.ActiveCfg = Debug|Any CPU
		{C31AA7E5-669B-4DC7-9C04-C0DE20B1417D}.Debug|Any CPU.Build.0 = Debug|Any CPU
		{C31AA7E5-669B-4DC7-9C04-C0DE20B1417D}.Debug|Any CPU.Deploy.0 = Debug|Any CPU
		{C31AA7E5-669B-4DC7-9C04-C0DE20B1417D}.Debug|iPhone.ActiveCfg = Debug|Any CPU
		{C31AA7E5-669B-4DC7-9C04-C0DE20B1417D}.Debug|iPhone.Build.0 = Debug|Any CPU
		{C31AA7E5-669B-4DC7-9C04-C0DE20B1417D}.Debug|iPhone.Deploy.0 = Debug|Any CPU
		{C31AA7E5-669B-4DC7-9C04-C0DE20B1417D}.Debug|iPhoneSimulator.ActiveCfg = Debug|Any CPU
		{C31AA7E5-669B-4DC7-9C04-C0DE20B1417D}.Debug|iPhoneSimulator.Build.0 = Debug|Any CPU
		{C31AA7E5-669B-4DC7-9C04-C0DE20B1417D}.Debug|iPhoneSimulator.Deploy.0 = Debug|Any CPU
		{C31AA7E5-669B-4DC7-9C04-C0DE20B1417D}.Release|Any CPU.ActiveCfg = Release|Any CPU
		{C31AA7E5-669B-4DC7-9C04-C0DE20B1417D}.Release|Any CPU.Build.0 = Release|Any CPU
		{C31AA7E5-669B-4DC7-9C04-C0DE20B1417D}.Release|Any CPU.Deploy.0 = Release|Any CPU
		{C31AA7E5-669B-4DC7-9C04-C0DE20B1417D}.Release|iPhone.ActiveCfg = Release|Any CPU
		{C31AA7E5-669B-4DC7-9C04-C0DE20B1417D}.Release|iPhone.Build.0 = Release|Any CPU
		{C31AA7E5-669B-4DC7-9C04-C0DE20B1417D}.Release|iPhone.Deploy.0 = Release|Any CPU
		{C31AA7E5-669B-4DC7-9C04-C0DE20B1417D}.Release|iPhoneSimulator.ActiveCfg = Release|Any CPU
		{C31AA7E5-669B-4DC7-9C04-C0DE20B1417D}.Release|iPhoneSimulator.Build.0 = Release|Any CPU
		{C31AA7E5-669B-4DC7-9C04-C0DE20B1417D}.Release|iPhoneSimulator.Deploy.0 = Release|Any CPU
	EndGlobalSection
	GlobalSection(SolutionProperties) = preSolution
		HideSolutionNode = FALSE
	EndGlobalSection
	GlobalSection(ExtensibilityGlobals) = postSolution
		SolutionGuid = {53417898-2433-4871-B674-376FE73B8608}
	EndGlobalSection
EndGlobal
